
Microsoft Visual Studio Solution File, Format Version 12.00
# Visual Studio Version 17
VisualStudioVersion = 17.0.31903.59
MinimumVisualStudioVersion = 10.0.40219.1
Project("{2150E333-8FDC-42A3-9474-1A3956D46DE8}") = "src", "src", "{827E0CD3-B72D-47B6-A68D-7590B98EB39B}"
EndProject
Project("{FAE04EC0-301F-11D3-BF4B-00C04F79EFBC}") = "FourSer.Gen", "src\FourSer.Gen\FourSer.Gen.csproj", "{9FC5E53A-2A2E-4EA7-90E2-F18980D071EF}"
EndProject
Project("{FAE04EC0-301F-11D3-BF4B-00C04F79EFBC}") = "FourSer.Contracts", "src\FourSer.Contracts\FourSer.Contracts.csproj", "{05BCCB72-BF16-49D8-AD2D-5BECF35090BA}"
EndProject
Project("{FAE04EC0-301F-11D3-BF4B-00C04F79EFBC}") = "FourSer.Consumer", "src\FourSer.Consumer\FourSer.Consumer.csproj", "{4E7D8405-48E3-4AD1-9F36-F63C36FC682D}"
EndProject
Project("{2150E333-8FDC-42A3-9474-1A3956D46DE8}") = "tests", "tests", "{0AB3BF05-4346-4AA6-1389-037BE0695223}"
EndProject
Project("{FAE04EC0-301F-11D3-BF4B-00C04F79EFBC}") = "FourSer.Tests", "tests\FourSer.Tests\FourSer.Tests.csproj", "{21C57AAC-2D3F-4941-880C-EFF2BB9AD7EF}"
EndProject
Project("{2150E333-8FDC-42A3-9474-1A3956D46DE8}") = "SolutionItems", "SolutionItems", "{A2EA4DA4-2C68-4F4E-BFAC-5FC5D239DC14}"
	ProjectSection(SolutionItems) = preProject
		.gitignore = .gitignore
		.github\workflows\ci.yml = .github\workflows\ci.yml
	EndProjectSection
EndProject
Project("{2150E333-8FDC-42A3-9474-1A3956D46DE8}") = "FourSer.Analyzers", "FourSer.Analyzers", "{59C6CAED-6E33-EED1-CF42-E3AFBB1AF36F}"
EndProject
Project("{2150E333-8FDC-42A3-9474-1A3956D46DE8}") = "FourSer.Analyzers", "FourSer.Analyzers", "{F0792B63-7238-DCAA-2606-0B52E089528E}"
EndProject
Project("{FAE04EC0-301F-11D3-BF4B-00C04F79EFBC}") = "FourSer.Analyzers", "src\FourSer.Analyzers\FourSer.Analyzers\FourSer.Analyzers\FourSer.Analyzers.csproj", "{1FEA559D-5A5C-4787-B97E-6C77C5BDC0E4}"
EndProject
Global
	GlobalSection(SolutionConfigurationPlatforms) = preSolution
		Debug|Any CPU = Debug|Any CPU
		Debug|x64 = Debug|x64
		Debug|x86 = Debug|x86
		Release|Any CPU = Release|Any CPU
		Release|x64 = Release|x64
		Release|x86 = Release|x86
	EndGlobalSection
	GlobalSection(ProjectConfigurationPlatforms) = postSolution
		{9FC5E53A-2A2E-4EA7-90E2-F18980D071EF}.Debug|Any CPU.ActiveCfg = Debug|Any CPU
		{9FC5E53A-2A2E-4EA7-90E2-F18980D071EF}.Debug|Any CPU.Build.0 = Debug|Any CPU
		{9FC5E53A-2A2E-4EA7-90E2-F18980D071EF}.Debug|x64.ActiveCfg = Debug|Any CPU
		{9FC5E53A-2A2E-4EA7-90E2-F18980D071EF}.Debug|x64.Build.0 = Debug|Any CPU
		{9FC5E53A-2A2E-4EA7-90E2-F18980D071EF}.Debug|x86.ActiveCfg = Debug|Any CPU
		{9FC5E53A-2A2E-4EA7-90E2-F18980D071EF}.Debug|x86.Build.0 = Debug|Any CPU
		{9FC5E53A-2A2E-4EA7-90E2-F18980D071EF}.Release|Any CPU.ActiveCfg = Release|Any CPU
		{9FC5E53A-2A2E-4EA7-90E2-F18980D071EF}.Release|Any CPU.Build.0 = Release|Any CPU
		{9FC5E53A-2A2E-4EA7-90E2-F18980D071EF}.Release|x64.ActiveCfg = Release|Any CPU
		{9FC5E53A-2A2E-4EA7-90E2-F18980D071EF}.Release|x64.Build.0 = Release|Any CPU
		{9FC5E53A-2A2E-4EA7-90E2-F18980D071EF}.Release|x86.ActiveCfg = Release|Any CPU
		{9FC5E53A-2A2E-4EA7-90E2-F18980D071EF}.Release|x86.Build.0 = Release|Any CPU
		{05BCCB72-BF16-49D8-AD2D-5BECF35090BA}.Debug|Any CPU.ActiveCfg = Debug|Any CPU
		{05BCCB72-BF16-49D8-AD2D-5BECF35090BA}.Debug|Any CPU.Build.0 = Debug|Any CPU
		{05BCCB72-BF16-49D8-AD2D-5BECF35090BA}.Debug|x64.ActiveCfg = Debug|Any CPU
		{05BCCB72-BF16-49D8-AD2D-5BECF35090BA}.Debug|x64.Build.0 = Debug|Any CPU
		{05BCCB72-BF16-49D8-AD2D-5BECF35090BA}.Debug|x86.ActiveCfg = Debug|Any CPU
		{05BCCB72-BF16-49D8-AD2D-5BECF35090BA}.Debug|x86.Build.0 = Debug|Any CPU
		{05BCCB72-BF16-49D8-AD2D-5BECF35090BA}.Release|Any CPU.ActiveCfg = Release|Any CPU
		{05BCCB72-BF16-49D8-AD2D-5BECF35090BA}.Release|Any CPU.Build.0 = Release|Any CPU
		{05BCCB72-BF16-49D8-AD2D-5BECF35090BA}.Release|x64.ActiveCfg = Release|Any CPU
		{05BCCB72-BF16-49D8-AD2D-5BECF35090BA}.Release|x64.Build.0 = Release|Any CPU
		{05BCCB72-BF16-49D8-AD2D-5BECF35090BA}.Release|x86.ActiveCfg = Release|Any CPU
		{05BCCB72-BF16-49D8-AD2D-5BECF35090BA}.Release|x86.Build.0 = Release|Any CPU
		{4E7D8405-48E3-4AD1-9F36-F63C36FC682D}.Debug|Any CPU.ActiveCfg = Debug|Any CPU
		{4E7D8405-48E3-4AD1-9F36-F63C36FC682D}.Debug|Any CPU.Build.0 = Debug|Any CPU
		{4E7D8405-48E3-4AD1-9F36-F63C36FC682D}.Debug|x64.ActiveCfg = Debug|Any CPU
		{4E7D8405-48E3-4AD1-9F36-F63C36FC682D}.Debug|x64.Build.0 = Debug|Any CPU
		{4E7D8405-48E3-4AD1-9F36-F63C36FC682D}.Debug|x86.ActiveCfg = Debug|Any CPU
		{4E7D8405-48E3-4AD1-9F36-F63C36FC682D}.Debug|x86.Build.0 = Debug|Any CPU
		{4E7D8405-48E3-4AD1-9F36-F63C36FC682D}.Release|Any CPU.ActiveCfg = Release|Any CPU
		{4E7D8405-48E3-4AD1-9F36-F63C36FC682D}.Release|Any CPU.Build.0 = Release|Any CPU
		{4E7D8405-48E3-4AD1-9F36-F63C36FC682D}.Release|x64.ActiveCfg = Release|Any CPU
		{4E7D8405-48E3-4AD1-9F36-F63C36FC682D}.Release|x64.Build.0 = Release|Any CPU
		{4E7D8405-48E3-4AD1-9F36-F63C36FC682D}.Release|x86.ActiveCfg = Release|Any CPU
		{4E7D8405-48E3-4AD1-9F36-F63C36FC682D}.Release|x86.Build.0 = Release|Any CPU
		{21C57AAC-2D3F-4941-880C-EFF2BB9AD7EF}.Debug|Any CPU.ActiveCfg = Debug|Any CPU
		{21C57AAC-2D3F-4941-880C-EFF2BB9AD7EF}.Debug|Any CPU.Build.0 = Debug|Any CPU
		{21C57AAC-2D3F-4941-880C-EFF2BB9AD7EF}.Debug|x64.ActiveCfg = Debug|Any CPU
		{21C57AAC-2D3F-4941-880C-EFF2BB9AD7EF}.Debug|x64.Build.0 = Debug|Any CPU
		{21C57AAC-2D3F-4941-880C-EFF2BB9AD7EF}.Debug|x86.ActiveCfg = Debug|Any CPU
		{21C57AAC-2D3F-4941-880C-EFF2BB9AD7EF}.Debug|x86.Build.0 = Debug|Any CPU
		{21C57AAC-2D3F-4941-880C-EFF2BB9AD7EF}.Release|Any CPU.ActiveCfg = Release|Any CPU
		{21C57AAC-2D3F-4941-880C-EFF2BB9AD7EF}.Release|Any CPU.Build.0 = Release|Any CPU
		{21C57AAC-2D3F-4941-880C-EFF2BB9AD7EF}.Release|x64.ActiveCfg = Release|Any CPU
		{21C57AAC-2D3F-4941-880C-EFF2BB9AD7EF}.Release|x64.Build.0 = Release|Any CPU
		{21C57AAC-2D3F-4941-880C-EFF2BB9AD7EF}.Release|x86.ActiveCfg = Release|Any CPU
		{21C57AAC-2D3F-4941-880C-EFF2BB9AD7EF}.Release|x86.Build.0 = Release|Any CPU
		{1FEA559D-5A5C-4787-B97E-6C77C5BDC0E4}.Debug|Any CPU.ActiveCfg = Debug|Any CPU
		{1FEA559D-5A5C-4787-B97E-6C77C5BDC0E4}.Debug|Any CPU.Build.0 = Debug|Any CPU
		{1FEA559D-5A5C-4787-B97E-6C77C5BDC0E4}.Debug|x64.ActiveCfg = Debug|Any CPU
		{1FEA559D-5A5C-4787-B97E-6C77C5BDC0E4}.Debug|x64.Build.0 = Debug|Any CPU
		{1FEA559D-5A5C-4787-B97E-6C77C5BDC0E4}.Debug|x86.ActiveCfg = Debug|Any CPU
		{1FEA559D-5A5C-4787-B97E-6C77C5BDC0E4}.Debug|x86.Build.0 = Debug|Any CPU
		{1FEA559D-5A5C-4787-B97E-6C77C5BDC0E4}.Release|Any CPU.ActiveCfg = Release|Any CPU
		{1FEA559D-5A5C-4787-B97E-6C77C5BDC0E4}.Release|Any CPU.Build.0 = Release|Any CPU
		{1FEA559D-5A5C-4787-B97E-6C77C5BDC0E4}.Release|x64.ActiveCfg = Release|Any CPU
		{1FEA559D-5A5C-4787-B97E-6C77C5BDC0E4}.Release|x64.Build.0 = Release|Any CPU
		{1FEA559D-5A5C-4787-B97E-6C77C5BDC0E4}.Release|x86.ActiveCfg = Release|Any CPU
		{1FEA559D-5A5C-4787-B97E-6C77C5BDC0E4}.Release|x86.Build.0 = Release|Any CPU
	EndGlobalSection
	GlobalSection(SolutionProperties) = preSolution
		HideSolutionNode = FALSE
	EndGlobalSection
	GlobalSection(NestedProjects) = preSolution
		{9FC5E53A-2A2E-4EA7-90E2-F18980D071EF} = {827E0CD3-B72D-47B6-A68D-7590B98EB39B}
		{05BCCB72-BF16-49D8-AD2D-5BECF35090BA} = {827E0CD3-B72D-47B6-A68D-7590B98EB39B}
		{4E7D8405-48E3-4AD1-9F36-F63C36FC682D} = {827E0CD3-B72D-47B6-A68D-7590B98EB39B}
		{21C57AAC-2D3F-4941-880C-EFF2BB9AD7EF} = {0AB3BF05-4346-4AA6-1389-037BE0695223}
		{59C6CAED-6E33-EED1-CF42-E3AFBB1AF36F} = {827E0CD3-B72D-47B6-A68D-7590B98EB39B}
		{F0792B63-7238-DCAA-2606-0B52E089528E} = {59C6CAED-6E33-EED1-CF42-E3AFBB1AF36F}
		{1FEA559D-5A5C-4787-B97E-6C77C5BDC0E4} = {F0792B63-7238-DCAA-2606-0B52E089528E}
	EndGlobalSection
EndGlobal
